
Microsoft Visual Studio Solution File, Format Version 12.00
# Visual Studio Version 17
VisualStudioVersion = 17.10.35004.147
MinimumVisualStudioVersion = 10.0.40219.1
Project("{FAE04EC0-301F-11D3-BF4B-00C04F79EFBC}") = "Esercizio 1 BackEnd", "Esercizio 1 BackEnd\Esercizio 1 BackEnd.csproj", "{C6734DB4-2E35-45E6-9D49-E83C2D1217B8}"
EndProject
Global
	GlobalSection(SolutionConfigurationPlatforms) = preSolution
		Debug|Any CPU = Debug|Any CPU
		Release|Any CPU = Release|Any CPU
	EndGlobalSection
	GlobalSection(ProjectConfigurationPlatforms) = postSolution
		{C6734DB4-2E35-45E6-9D49-E83C2D1217B8}.Debug|Any CPU.ActiveCfg = Debug|Any CPU
		{C6734DB4-2E35-45E6-9D49-E83C2D1217B8}.Debug|Any CPU.Build.0 = Debug|Any CPU
		{C6734DB4-2E35-45E6-9D49-E83C2D1217B8}.Release|Any CPU.ActiveCfg = Release|Any CPU
		{C6734DB4-2E35-45E6-9D49-E83C2D1217B8}.Release|Any CPU.Build.0 = Release|Any CPU
	EndGlobalSection
	GlobalSection(SolutionProperties) = preSolution
		HideSolutionNode = FALSE
	EndGlobalSection
	GlobalSection(ExtensibilityGlobals) = postSolution
		SolutionGuid = {E5D813FC-150C-4765-8A61-33FF286C3614}
	EndGlobalSection
EndGlobal
